// !$*UTF8*$!
{
	archiveVersion = 1;
	classes = {
	};
	objectVersion = 77;
	objects = {

/* Begin PBXContainerItemProxy section */
		0E92876E2E4E9D4A00228752 /* PBXContainerItemProxy */ = {
			isa = PBXContainerItemProxy;
			containerPortal = 0E92874F2E4E9D4600228752 /* Project object */;
			proxyType = 1;
			remoteGlobalIDString = 0E9287562E4E9D4600228752;
			remoteInfo = "Pre-Work";
		};
		0E9287782E4E9D4A00228752 /* PBXContainerItemProxy */ = {
			isa = PBXContainerItemProxy;
			containerPortal = 0E92874F2E4E9D4600228752 /* Project object */;
			proxyType = 1;
			remoteGlobalIDString = 0E9287562E4E9D4600228752;
			remoteInfo = "Pre-Work";
		};
/* End PBXContainerItemProxy section */

/* Begin PBXFileReference section */
		0E9287572E4E9D4600228752 /* Pre-Work.app */ = {isa = PBXFileReference; explicitFileType = wrapper.application; includeInIndex = 0; path = "Pre-Work.app"; sourceTree = BUILT_PRODUCTS_DIR; };
		0E92876D2E4E9D4A00228752 /* Pre-WorkTests.xctest */ = {isa = PBXFileReference; explicitFileType = wrapper.cfbundle; includeInIndex = 0; path = "Pre-WorkTests.xctest"; sourceTree = BUILT_PRODUCTS_DIR; };
		0E9287772E4E9D4A00228752 /* Pre-WorkUITests.xctest */ = {isa = PBXFileReference; explicitFileType = wrapper.cfbundle; includeInIndex = 0; path = "Pre-WorkUITests.xctest"; sourceTree = BUILT_PRODUCTS_DIR; };
/* End PBXFileReference section */

/* Begin PBXFileSystemSynchronizedBuildFileExceptionSet section */
		0E92877F2E4E9D4A00228752 /* Exceptions for "Pre-Work" folder in "Pre-Work" target */ = {
			isa = PBXFileSystemSynchronizedBuildFileExceptionSet;
			membershipExceptions = (
				Info.plist,
			);
			target = 0E9287562E4E9D4600228752 /* Pre-Work */;
		};
/* End PBXFileSystemSynchronizedBuildFileExceptionSet section */

/* Begin PBXFileSystemSynchronizedRootGroup section */
		0E9287592E4E9D4600228752 /* Pre-Work */ = {
			isa = PBXFileSystemSynchronizedRootGroup;
			exceptions = (
				0E92877F2E4E9D4A00228752 /* Exceptions for "Pre-Work" folder in "Pre-Work" target */,
			);
			path = "Pre-Work";
			sourceTree = "<group>";
		};
		0E9287702E4E9D4A00228752 /* Pre-WorkTests */ = {
			isa = PBXFileSystemSynchronizedRootGroup;
			path = "Pre-WorkTests";
			sourceTree = "<group>";
		};
		0E92877A2E4E9D4A00228752 /* Pre-WorkUITests */ = {
			isa = PBXFileSystemSynchronizedRootGroup;
			path = "Pre-WorkUITests";
			sourceTree = "<group>";
		};
/* End PBXFileSystemSynchronizedRootGroup section */

/* Begin PBXFrameworksBuildPhase section */
		0E9287542E4E9D4600228752 /* Frameworks */ = {
			isa = PBXFrameworksBuildPhase;
			buildActionMask = 2147483647;
			files = (
			);
			runOnlyForDeploymentPostprocessing = 0;
		};
		0E92876A2E4E9D4A00228752 /* Frameworks */ = {
			isa = PBXFrameworksBuildPhase;
			buildActionMask = 2147483647;
			files = (
			);
			runOnlyForDeploymentPostprocessing = 0;
		};
		0E9287742E4E9D4A00228752 /* Frameworks */ = {
			isa = PBXFrameworksBuildPhase;
			buildActionMask = 2147483647;
			files = (
			);
			runOnlyForDeploymentPostprocessing = 0;
		};
/* End PBXFrameworksBuildPhase section */

/* Begin PBXGroup section */
		0E92874E2E4E9D4600228752 = {
			isa = PBXGroup;
			children = (
				0E9287592E4E9D4600228752 /* Pre-Work */,
				0E9287702E4E9D4A00228752 /* Pre-WorkTests */,
				0E92877A2E4E9D4A00228752 /* Pre-WorkUITests */,
				0E9287582E4E9D4600228752 /* Products */,
			);
			sourceTree = "<group>";
		};
		0E9287582E4E9D4600228752 /* Products */ = {
			isa = PBXGroup;
			children = (
				0E9287572E4E9D4600228752 /* Pre-Work.app */,
				0E92876D2E4E9D4A00228752 /* Pre-WorkTests.xctest */,
				0E9287772E4E9D4A00228752 /* Pre-WorkUITests.xctest */,
			);
			name = Products;
			sourceTree = "<group>";
		};
/* End PBXGroup section */

/* Begin PBXNativeTarget section */
		0E9287562E4E9D4600228752 /* Pre-Work */ = {
			isa = PBXNativeTarget;
			buildConfigurationList = 0E9287802E4E9D4A00228752 /* Build configuration list for PBXNativeTarget "Pre-Work" */;
			buildPhases = (
				0E9287532E4E9D4600228752 /* Sources */,
				0E9287542E4E9D4600228752 /* Frameworks */,
				0E9287552E4E9D4600228752 /* Resources */,
			);
			buildRules = (
			);
			dependencies = (
			);
			fileSystemSynchronizedGroups = (
				0E9287592E4E9D4600228752 /* Pre-Work */,
			);
			name = "Pre-Work";
			packageProductDependencies = (
			);
			productName = "Pre-Work";
			productReference = 0E9287572E4E9D4600228752 /* Pre-Work.app */;
			productType = "com.apple.product-type.application";
		};
		0E92876C2E4E9D4A00228752 /* Pre-WorkTests */ = {
			isa = PBXNativeTarget;
			buildConfigurationList = 0E9287852E4E9D4A00228752 /* Build configuration list for PBXNativeTarget "Pre-WorkTests" */;
			buildPhases = (
				0E9287692E4E9D4A00228752 /* Sources */,
				0E92876A2E4E9D4A00228752 /* Frameworks */,
				0E92876B2E4E9D4A00228752 /* Resources */,
			);
			buildRules = (
			);
			dependencies = (
				0E92876F2E4E9D4A00228752 /* PBXTargetDependency */,
			);
			fileSystemSynchronizedGroups = (
				0E9287702E4E9D4A00228752 /* Pre-WorkTests */,
			);
			name = "Pre-WorkTests";
			packageProductDependencies = (
			);
			productName = "Pre-WorkTests";
			productReference = 0E92876D2E4E9D4A00228752 /* Pre-WorkTests.xctest */;
			productType = "com.apple.product-type.bundle.unit-test";
		};
		0E9287762E4E9D4A00228752 /* Pre-WorkUITests */ = {
			isa = PBXNativeTarget;
			buildConfigurationList = 0E9287882E4E9D4A00228752 /* Build configuration list for PBXNativeTarget "Pre-WorkUITests" */;
			buildPhases = (
				0E9287732E4E9D4A00228752 /* Sources */,
				0E9287742E4E9D4A00228752 /* Frameworks */,
				0E9287752E4E9D4A00228752 /* Resources */,
			);
			buildRules = (
			);
			dependencies = (
				0E9287792E4E9D4A00228752 /* PBXTargetDependency */,
			);
			fileSystemSynchronizedGroups = (
				0E92877A2E4E9D4A00228752 /* Pre-WorkUITests */,
			);
			name = "Pre-WorkUITests";
			packageProductDependencies = (
			);
			productName = "Pre-WorkUITests";
			productReference = 0E9287772E4E9D4A00228752 /* Pre-WorkUITests.xctest */;
			productType = "com.apple.product-type.bundle.ui-testing";
		};
/* End PBXNativeTarget section */

/* Begin PBXProject section */
		0E92874F2E4E9D4600228752 /* Project object */ = {
			isa = PBXProject;
			attributes = {
				BuildIndependentTargetsInParallel = 1;
				LastSwiftUpdateCheck = 1640;
				LastUpgradeCheck = 1640;
				TargetAttributes = {
					0E9287562E4E9D4600228752 = {
						CreatedOnToolsVersion = 16.4;
					};
					0E92876C2E4E9D4A00228752 = {
						CreatedOnToolsVersion = 16.4;
						TestTargetID = 0E9287562E4E9D4600228752;
					};
					0E9287762E4E9D4A00228752 = {
						CreatedOnToolsVersion = 16.4;
						TestTargetID = 0E9287562E4E9D4600228752;
					};
				};
			};
			buildConfigurationList = 0E9287522E4E9D4600228752 /* Build configuration list for PBXProject "Pre-Work" */;
			developmentRegion = en;
			hasScannedForEncodings = 0;
			knownRegions = (
				en,
				Base,
			);
			mainGroup = 0E92874E2E4E9D4600228752;
			minimizedProjectReferenceProxies = 1;
			preferredProjectObjectVersion = 77;
			productRefGroup = 0E9287582E4E9D4600228752 /* Products */;
			projectDirPath = "";
			projectRoot = "";
			targets = (
				0E9287562E4E9D4600228752 /* Pre-Work */,
				0E92876C2E4E9D4A00228752 /* Pre-WorkTests */,
				0E9287762E4E9D4A00228752 /* Pre-WorkUITests */,
			);
		};
/* End PBXProject section */

/* Begin PBXResourcesBuildPhase section */
		0E9287552E4E9D4600228752 /* Resources */ = {
			isa = PBXResourcesBuildPhase;
			buildActionMask = 2147483647;
			files = (
			);
			runOnlyForDeploymentPostprocessing = 0;
		};
		0E92876B2E4E9D4A00228752 /* Resources */ = {
			isa = PBXResourcesBuildPhase;
			buildActionMask = 2147483647;
			files = (
			);
			runOnlyForDeploymentPostprocessing = 0;
		};
		0E9287752E4E9D4A00228752 /* Resources */ = {
			isa = PBXResourcesBuildPhase;
			buildActionMask = 2147483647;
			files = (
			);
			runOnlyForDeploymentPostprocessing = 0;
		};
/* End PBXResourcesBuildPhase section */

/* Begin PBXSourcesBuildPhase section */
		0E9287532E4E9D4600228752 /* Sources */ = {
			isa = PBXSourcesBuildPhase;
			buildActionMask = 2147483647;
			files = (
			);
			runOnlyForDeploymentPostprocessing = 0;
		};
		0E9287692E4E9D4A00228752 /* Sources */ = {
			isa = PBXSourcesBuildPhase;
			buildActionMask = 2147483647;
			files = (
			);
			runOnlyForDeploymentPostprocessing = 0;
		};
		0E9287732E4E9D4A00228752 /* Sources */ = {
			isa = PBXSourcesBuildPhase;
			buildActionMask = 2147483647;
			files = (
			);
			runOnlyForDeploymentPostprocessing = 0;
		};
/* End PBXSourcesBuildPhase section */

/* Begin PBXTargetDependency section */
		0E92876F2E4E9D4A00228752 /* PBXTargetDependency */ = {
			isa = PBXTargetDependency;
			target = 0E9287562E4E9D4600228752 /* Pre-Work */;
			targetProxy = 0E92876E2E4E9D4A00228752 /* PBXContainerItemProxy */;
		};
		0E9287792E4E9D4A00228752 /* PBXTargetDependency */ = {
			isa = PBXTargetDependency;
			target = 0E9287562E4E9D4600228752 /* Pre-Work */;
			targetProxy = 0E9287782E4E9D4A00228752 /* PBXContainerItemProxy */;
		};
/* End PBXTargetDependency section */

/* Begin XCBuildConfiguration section */
		0E9287812E4E9D4A00228752 /* Debug */ = {
			isa = XCBuildConfiguration;
			buildSettings = {
				ASSETCATALOG_COMPILER_APPICON_NAME = AppIcon;
				ASSETCATALOG_COMPILER_GLOBAL_ACCENT_COLOR_NAME = AccentColor;
				CODE_SIGN_STYLE = Automatic;
				CURRENT_PROJECT_VERSION = 1;
				GENERATE_INFOPLIST_FILE = YES;
				INFOPLIST_FILE = "Pre-Work/Info.plist";
				INFOPLIST_KEY_UIApplicationSupportsIndirectInputEvents = YES;
				INFOPLIST_KEY_UILaunchStoryboardName = LaunchScreen;
				INFOPLIST_KEY_UIMainStoryboardFile = Main;
				INFOPLIST_KEY_UISupportedInterfaceOrientations_iPad = "UIInterfaceOrientationPortrait UIInterfaceOrientationPortraitUpsideDown UIInterfaceOrientationLandscapeLeft UIInterfaceOrientationLandscapeRight";
				INFOPLIST_KEY_UISupportedInterfaceOrientations_iPhone = "UIInterfaceOrientationPortrait UIInterfaceOrientationLandscapeLeft UIInterfaceOrientationLandscapeRight";
				LD_RUNPATH_SEARCH_PATHS = (
					"$(inherited)",
					"@executable_path/Frameworks",
				);
				MARKETING_VERSION = 1.0;
				PRODUCT_BUNDLE_IDENTIFIER = "SafaBoutaleb.Pre-Work";
				PRODUCT_NAME = "$(TARGET_NAME)";
				SWIFT_EMIT_LOC_STRINGS = YES;
				SWIFT_VERSION = 5.0;
				TARGETED_DEVICE_FAMILY = "1,2";
			};
			name = Debug;
		};
		0E9287822E4E9D4A00228752 /* Release */ = {
			isa = XCBuildConfiguration;
			buildSettings = {
				ASSETCATALOG_COMPILER_APPICON_NAME = AppIcon;
				ASSETCATALOG_COMPILER_GLOBAL_ACCENT_COLOR_NAME = AccentColor;
				CODE_SIGN_STYLE = Automatic;
				CURRENT_PROJECT_VERSION = 1;
				GENERATE_INFOPLIST_FILE = YES;
				INFOPLIST_FILE = "Pre-Work/Info.plist";
				INFOPLIST_KEY_UIApplicationSupportsIndirectInputEvents = YES;
				INFOPLIST_KEY_UILaunchStoryboardName = LaunchScreen;
				INFOPLIST_KEY_UIMainStoryboardFile = Main;
				INFOPLIST_KEY_UISupportedInterfaceOrientations_iPad = "UIInterfaceOrientationPortrait UIInterfaceOrientationPortraitUpsideDown UIInterfaceOrientationLandscapeLeft UIInterfaceOrientationLandscapeRight";
				INFOPLIST_KEY_UISupportedInterfaceOrientations_iPhone = "UIInterfaceOrientationPortrait UIInterfaceOrientationLandscapeLeft UIInterfaceOrientationLandscapeRight";
				LD_RUNPATH_SEARCH_PATHS = (
					"$(inherited)",
					"@executable_path/Frameworks",
				);
				MARKETING_VERSION = 1.0;
				PRODUCT_BUNDLE_IDENTIFIER = "SafaBoutaleb.Pre-Work";
				PRODUCT_NAME = "$(TARGET_NAME)";
				SWIFT_EMIT_LOC_STRINGS = YES;
				SWIFT_VERSION = 5.0;
				TARGETED_DEVICE_FAMILY = "1,2";
			};
			name = Release;
		};
		0E9287832E4E9D4A00228752 /* Debug */ = {
			isa = XCBuildConfiguration;
			buildSettings = {
				ALWAYS_SEARCH_USER_PATHS = NO;
				ASSETCATALOG_COMPILER_GENERATE_SWIFT_ASSET_SYMBOL_EXTENSIONS = YES;
				CLANG_ANALYZER_NONNULL = YES;
				CLANG_ANALYZER_NUMBER_OBJECT_CONVERSION = YES_AGGRESSIVE;
				CLANG_CXX_LANGUAGE_STANDARD = "gnu++20";
				CLANG_ENABLE_MODULES = YES;
				CLANG_ENABLE_OBJC_ARC = YES;
				CLANG_ENABLE_OBJC_WEAK = YES;
				CLANG_WARN_BLOCK_CAPTURE_AUTORELEASING = YES;
				CLANG_WARN_BOOL_CONVERSION = YES;
				CLANG_WARN_COMMA = YES;
				CLANG_WARN_CONSTANT_CONVERSION = YES;
				CLANG_WARN_DEPRECATED_OBJC_IMPLEMENTATIONS = YES;
				CLANG_WARN_DIRECT_OBJC_ISA_USAGE = YES_ERROR;
				CLANG_WARN_DOCUMENTATION_COMMENTS = YES;
				CLANG_WARN_EMPTY_BODY = YES;
				CLANG_WARN_ENUM_CONVERSION = YES;
				CLANG_WARN_INFINITE_RECURSION = YES;
				CLANG_WARN_INT_CONVERSION = YES;
				CLANG_WARN_NON_LITERAL_NULL_CONVERSION = YES;
				CLANG_WARN_OBJC_IMPLICIT_RETAIN_SELF = YES;
				CLANG_WARN_OBJC_LITERAL_CONVERSION = YES;
				CLANG_WARN_OBJC_ROOT_CLASS = YES_ERROR;
				CLANG_WARN_QUOTED_INCLUDE_IN_FRAMEWORK_HEADER = YES;
				CLANG_WARN_RANGE_LOOP_ANALYSIS = YES;
				CLANG_WARN_STRICT_PROTOTYPES = YES;
				CLANG_WARN_SUSPICIOUS_MOVE = YES;
				CLANG_WARN_UNGUARDED_AVAILABILITY = YES_AGGRESSIVE;
				CLANG_WARN_UNREACHABLE_CODE = YES;
				CLANG_WARN__DUPLICATE_METHOD_MATCH = YES;
				COPY_PHASE_STRIP = NO;
				DEBUG_INFORMATION_FORMAT = dwarf;
				ENABLE_STRICT_OBJC_MSGSEND = YES;
				ENABLE_TESTABILITY = YES;
				ENABLE_USER_SCRIPT_SANDBOXING = YES;
				GCC_C_LANGUAGE_STANDARD = gnu17;
				GCC_DYNAMIC_NO_PIC = NO;
				GCC_NO_COMMON_BLOCKS = YES;
				GCC_OPTIMIZATION_LEVEL = 0;
				GCC_PREPROCESSOR_DEFINITIONS = (
					"DEBUG=1",
					"$(inherited)",
				);
				GCC_WARN_64_TO_32_BIT_CONVERSION = YES;
				GCC_WARN_ABOUT_RETURN_TYPE = YES_ERROR;
				GCC_WARN_UNDECLARED_SELECTOR = YES;
				GCC_WARN_UNINITIALIZED_AUTOS = YES_AGGRESSIVE;
				GCC_WARN_UNUSED_FUNCTION = YES;
				GCC_WARN_UNUSED_VARIABLE = YES;
				IPHONEOS_DEPLOYMENT_TARGET = 18.5;
				LOCALIZATION_PREFERS_STRING_CATALOGS = YES;
				MTL_ENABLE_DEBUG_INFO = INCLUDE_SOURCE;
				MTL_FAST_MATH = YES;
				ONLY_ACTIVE_ARCH = YES;
				SDKROOT = iphoneos;
				SWIFT_ACTIVE_COMPILATION_CONDITIONS = "DEBUG $(inherited)";
				SWIFT_OPTIMIZATION_LEVEL = "-Onone";
			};
			name = Debug;
		};
		0E9287842E4E9D4A00228752 /* Release */ = {
			isa = XCBuildConfiguration;
			buildSettings = {
				ALWAYS_SEARCH_USER_PATHS = NO;
				ASSETCATALOG_COMPILER_GENERATE_SWIFT_ASSET_SYMBOL_EXTENSIONS = YES;
				CLANG_ANALYZER_NONNULL = YES;
				CLANG_ANALYZER_NUMBER_OBJECT_CONVERSION = YES_AGGRESSIVE;
				CLANG_CXX_LANGUAGE_STANDARD = "gnu++20";
				CLANG_ENABLE_MODULES = YES;
				CLANG_ENABLE_OBJC_ARC = YES;
				CLANG_ENABLE_OBJC_WEAK = YES;
				CLANG_WARN_BLOCK_CAPTURE_AUTORELEASING = YES;
				CLANG_WARN_BOOL_CONVERSION = YES;
				CLANG_WARN_COMMA = YES;
				CLANG_WARN_CONSTANT_CONVERSION = YES;
				CLANG_WARN_DEPRECATED_OBJC_IMPLEMENTATIONS = YES;
				CLANG_WARN_DIRECT_OBJC_ISA_USAGE = YES_ERROR;
				CLANG_WARN_DOCUMENTATION_COMMENTS = YES;
				CLANG_WARN_EMPTY_BODY = YES;
				CLANG_WARN_ENUM_CONVERSION = YES;
				CLANG_WARN_INFINITE_RECURSION = YES;
				CLANG_WARN_INT_CONVERSION = YES;
				CLANG_WARN_NON_LITERAL_NULL_CONVERSION = YES;
				CLANG_WARN_OBJC_IMPLICIT_RETAIN_SELF = YES;
				CLANG_WARN_OBJC_LITERAL_CONVERSION = YES;
				CLANG_WARN_OBJC_ROOT_CLASS = YES_ERROR;
				CLANG_WARN_QUOTED_INCLUDE_IN_FRAMEWORK_HEADER = YES;
				CLANG_WARN_RANGE_LOOP_ANALYSIS = YES;
				CLANG_WARN_STRICT_PROTOTYPES = YES;
				CLANG_WARN_SUSPICIOUS_MOVE = YES;
				CLANG_WARN_UNGUARDED_AVAILABILITY = YES_AGGRESSIVE;
				CLANG_WARN_UNREACHABLE_CODE = YES;
				CLANG_WARN__DUPLICATE_METHOD_MATCH = YES;
				COPY_PHASE_STRIP = NO;
				DEBUG_INFORMATION_FORMAT = "dwarf-with-dsym";
				ENABLE_NS_ASSERTIONS = NO;
				ENABLE_STRICT_OBJC_MSGSEND = YES;
				ENABLE_USER_SCRIPT_SANDBOXING = YES;
				GCC_C_LANGUAGE_STANDARD = gnu17;
				GCC_NO_COMMON_BLOCKS = YES;
				GCC_WARN_64_TO_32_BIT_CONVERSION = YES;
				GCC_WARN_ABOUT_RETURN_TYPE = YES_ERROR;
				GCC_WARN_UNDECLARED_SELECTOR = YES;
				GCC_WARN_UNINITIALIZED_AUTOS = YES_AGGRESSIVE;
				GCC_WARN_UNUSED_FUNCTION = YES;
				GCC_WARN_UNUSED_VARIABLE = YES;
				IPHONEOS_DEPLOYMENT_TARGET = 18.5;
				LOCALIZATION_PREFERS_STRING_CATALOGS = YES;
				MTL_ENABLE_DEBUG_INFO = NO;
				MTL_FAST_MATH = YES;
				SDKROOT = iphoneos;
				SWIFT_COMPILATION_MODE = wholemodule;
				VALIDATE_PRODUCT = YES;
			};
			name = Release;
		};
		0E9287862E4E9D4A00228752 /* Debug */ = {
			isa = XCBuildConfiguration;
			buildSettings = {
				BUNDLE_LOADER = "$(TEST_HOST)";
				CODE_SIGN_STYLE = Automatic;
				CURRENT_PROJECT_VERSION = 1;
				GENERATE_INFOPLIST_FILE = YES;
				IPHONEOS_DEPLOYMENT_TARGET = 18.5;
				MARKETING_VERSION = 1.0;
				PRODUCT_BUNDLE_IDENTIFIER = "SafaBoutaleb.Pre-WorkTests";
				PRODUCT_NAME = "$(TARGET_NAME)";
				SWIFT_EMIT_LOC_STRINGS = NO;
				SWIFT_VERSION = 5.0;
				TARGETED_DEVICE_FAMILY = "1,2";
				TEST_HOST = "$(BUILT_PRODUCTS_DIR)/Pre-Work.app/$(BUNDLE_EXECUTABLE_FOLDER_PATH)/Pre-Work";
			};
			name = Debug;
		};
		0E9287872E4E9D4A00228752 /* Release */ = {
			isa = XCBuildConfiguration;
			buildSettings = {
				BUNDLE_LOADER = "$(TEST_HOST)";
				CODE_SIGN_STYLE = Automatic;
				CURRENT_PROJECT_VERSION = 1;
				GENERATE_INFOPLIST_FILE = YES;
				IPHONEOS_DEPLOYMENT_TARGET = 18.5;
				MARKETING_VERSION = 1.0;
				PRODUCT_BUNDLE_IDENTIFIER = "SafaBoutaleb.Pre-WorkTests";
				PRODUCT_NAME = "$(TARGET_NAME)";
				SWIFT_EMIT_LOC_STRINGS = NO;
				SWIFT_VERSION = 5.0;
				TARGETED_DEVICE_FAMILY = "1,2";
				TEST_HOST = "$(BUILT_PRODUCTS_DIR)/Pre-Work.app/$(BUNDLE_EXECUTABLE_FOLDER_PATH)/Pre-Work";
			};
			name = Release;
		};
		0E9287892E4E9D4A00228752 /* Debug */ = {
			isa = XCBuildConfiguration;
			buildSettings = {
				CODE_SIGN_STYLE = Automatic;
				CURRENT_PROJECT_VERSION = 1;
				GENERATE_INFOPLIST_FILE = YES;
				MARKETING_VERSION = 1.0;
				PRODUCT_BUNDLE_IDENTIFIER = "SafaBoutaleb.Pre-WorkUITests";
				PRODUCT_NAME = "$(TARGET_NAME)";
				SWIFT_EMIT_LOC_STRINGS = NO;
				SWIFT_VERSION = 5.0;
				TARGETED_DEVICE_FAMILY = "1,2";
				TEST_TARGET_NAME = "Pre-Work";
			};
			name = Debug;
		};
		0E92878A2E4E9D4A00228752 /* Release */ = {
			isa = XCBuildConfiguration;
			buildSettings = {
				CODE_SIGN_STYLE = Automatic;
				CURRENT_PROJECT_VERSION = 1;
				GENERATE_INFOPLIST_FILE = YES;
				MARKETING_VERSION = 1.0;
				PRODUCT_BUNDLE_IDENTIFIER = "SafaBoutaleb.Pre-WorkUITests";
				PRODUCT_NAME = "$(TARGET_NAME)";
				SWIFT_EMIT_LOC_STRINGS = NO;
				SWIFT_VERSION = 5.0;
				TARGETED_DEVICE_FAMILY = "1,2";
				TEST_TARGET_NAME = "Pre-Work";
			};
			name = Release;
		};
/* End XCBuildConfiguration section */

/* Begin XCConfigurationList section */
		0E9287522E4E9D4600228752 /* Build configuration list for PBXProject "Pre-Work" */ = {
			isa = XCConfigurationList;
			buildConfigurations = (
				0E9287832E4E9D4A00228752 /* Debug */,
				0E9287842E4E9D4A00228752 /* Release */,
			);
			defaultConfigurationIsVisible = 0;
			defaultConfigurationName = Release;
		};
		0E9287802E4E9D4A00228752 /* Build configuration list for PBXNativeTarget "Pre-Work" */ = {
			isa = XCConfigurationList;
			buildConfigurations = (
				0E9287812E4E9D4A00228752 /* Debug */,
				0E9287822E4E9D4A00228752 /* Release */,
			);
			defaultConfigurationIsVisible = 0;
			defaultConfigurationName = Release;
		};
		0E9287852E4E9D4A00228752 /* Build configuration list for PBXNativeTarget "Pre-WorkTests" */ = {
			isa = XCConfigurationList;
			buildConfigurations = (
				0E9287862E4E9D4A00228752 /* Debug */,
				0E9287872E4E9D4A00228752 /* Release */,
			);
			defaultConfigurationIsVisible = 0;
			defaultConfigurationName = Release;
		};
		0E9287882E4E9D4A00228752 /* Build configuration list for PBXNativeTarget "Pre-WorkUITests" */ = {
			isa = XCConfigurationList;
			buildConfigurations = (
				0E9287892E4E9D4A00228752 /* Debug */,
				0E92878A2E4E9D4A00228752 /* Release */,
			);
			defaultConfigurationIsVisible = 0;
			defaultConfigurationName = Release;
		};
/* End XCConfigurationList section */
	};
	rootObject = 0E92874F2E4E9D4600228752 /* Project object */;
}
